github.com/guancang10/CalculateMath v1.0.0 h1:bUCGBpXV2Lp7++B9G0Z2rdvYtkPmnpNnbE6sk3wlJ3A=
github.com/guancang10/CalculateMath v1.0.0/go.mod h1:wTBvbswLEOqvXbo7wPcUJGqCgNM14cdw5G+ZhDFkSdQ=
github.com/guancang10/CalculateMath v1.0.1 h1:tTp64JdhhQxVppPJxHsvOvA0PhAS98Y4j4nrAZiaPb4=
github.com/guancang10/CalculateMath v1.0.1/go.mod h1:wTBvbswLEOqvXbo7wPcUJGqCgNM14cdw5G+ZhDFkSdQ=
github.com/guancang10/CalculateMath/v2 v2.0.1 h1:NbfLIYCz9qZ5/ICpLWPNEj5tjgMrYzA6+v0g98BSIco=
github.com/guancang10/CalculateMath/v2 v2.0.1/go.mod h1:5ma0RFCqZzfCiuL+/mPFwmutXPr5aHhwDni1QIwKuUQ=
